Microsoft Visual Studio Solution File, Format Version 11.00
# Visual Studio 2010
Project("{FAE04EC0-301F-11D3-BF4B-00C04F79EFBC}") = "CreateReportFromRichEdit", "CreateReportFromRichEdit\CreateReportFromRichEdit.csproj", "{D5169FD7-45A8-409F-8DAE-C07F5E83B666}"
EndProject
Global
	GlobalSection(SolutionConfigurationPlatforms) = preSolution
		Debug|x86 = Debug|x86
		Release|x86 = Release|x86
	EndGlobalSection
	GlobalSection(ProjectConfigurationPlatforms) = postSolution
		{D5169FD7-45A8-409F-8DAE-C07F5E83B666}.Debug|x86.ActiveCfg = Debug|x86
		{D5169FD7-45A8-409F-8DAE-C07F5E83B666}.Debug|x86.Build.0 = Debug|x86
		{D5169FD7-45A8-409F-8DAE-C07F5E83B666}.Release|x86.ActiveCfg = Release|x86
		{D5169FD7-45A8-409F-8DAE-C07F5E83B666}.Release|x86.Build.0 = Release|x86
	EndGlobalSection
	GlobalSection(SolutionProperties) = preSolution
		HideSolutionNode = FALSE
	EndGlobalSection
EndGlobal
